
Microsoft Visual Studio Solution File, Format Version 12.00
# Visual Studio Version 17
VisualStudioVersion = 17.7.34202.233
MinimumVisualStudioVersion = 10.0.40219.1
Project("{9A19103F-16F7-4668-BE54-9A1E7A4F7556}") = "DegerVeReferansTipler", "DegerVeReferansTipler\DegerVeReferansTipler.csproj", "{AF6F6624-E47E-4C75-9AB6-FA05F17467B3}"
EndProject
Project("{9A19103F-16F7-4668-BE54-9A1E7A4F7556}") = "Matematik", "Matematik\Matematik.csproj", "{AAB4CF22-76B0-4D98-97A8-21EB006625FB}"
EndProject
Project("{9A19103F-16F7-4668-BE54-9A1E7A4F7556}") = "Metotlar", "OOP-2\Metotlar.csproj", "{481D2B04-BFE3-45E1-8EA7-E37FE06ECFFB}"
EndProject
Project("{9A19103F-16F7-4668-BE54-9A1E7A4F7556}") = "OOP-1", "OOP-1\OOP-1.csproj", "{2B7AE0C3-91E0-4596-BF1A-8D4E2482169A}"
EndProject
Project("{9A19103F-16F7-4668-BE54-9A1E7A4F7556}") = "Koleksiyonlar", "Koleksiyonlar\Koleksiyonlar.csproj", "{0EE4A2AD-EB62-4FE9-B137-BC1FF8F53615}"
EndProject
Project("{9A19103F-16F7-4668-BE54-9A1E7A4F7556}") = "GenericsIntro", "GenericsIntro\GenericsIntro.csproj", "{FDDE5E91-0C79-41BF-8EF0-47072ED187FB}"
EndProject
Project("{9A19103F-16F7-4668-BE54-9A1E7A4F7556}") = "Oop2", "Oop2\Oop2.csproj", "{5F8CC8F1-83A7-4B26-ACE0-562DBB153BCD}"
EndProject
Project("{9A19103F-16F7-4668-BE54-9A1E7A4F7556}") = "Oop3", "Oop3\Oop3.csproj", "{A4409A4B-F25E-46FE-96D1-60CB6C19194E}"
EndProject
Project("{9A19103F-16F7-4668-BE54-9A1E7A4F7556}") = "ReferenceTypes", "ReferenceTypes\ReferenceTypes.csproj", "{D7D11B38-3855-49BB-A8E0-17406D773A3D}"
EndProject
Project("{9A19103F-16F7-4668-BE54-9A1E7A4F7556}") = "Constructors", "Constructors\Constructors.csproj", "{AECD1707-6B34-4F60-A584-3F9E3CA66CE5}"
EndProject
Project("{9A19103F-16F7-4668-BE54-9A1E7A4F7556}") = "Generics", "Generics\Generics.csproj", "{B78D1108-7CF7-4731-AD59-0A0FDBC7C1D6}"
EndProject
Project("{FAE04EC0-301F-11D3-BF4B-00C04F79EFBC}") = "Interfaces", "Interfaces\Interfaces.csproj", "{0CCAA7FC-29E9-47C6-A419-7EC37AE84E6F}"
EndProject
Project("{FAE04EC0-301F-11D3-BF4B-00C04F79EFBC}") = "ThreadingDemo1", "ThreadingDemo1\ThreadingDemo1.csproj", "{CED7C2B3-ABD8-48BA-876C-B0EC44E8339F}"
EndProject
Project("{FAE04EC0-301F-11D3-BF4B-00C04F79EFBC}") = "LinqProject", "LinqProject\LinqProject.csproj", "{D28B90AC-3E6B-4B64-A0A8-DA466734B66B}"
EndProject
Global
	GlobalSection(SolutionConfigurationPlatforms) = preSolution
		Debug|Any CPU = Debug|Any CPU
		Release|Any CPU = Release|Any CPU
	EndGlobalSection
	GlobalSection(ProjectConfigurationPlatforms) = postSolution
		{AF6F6624-E47E-4C75-9AB6-FA05F17467B3}.Debug|Any CPU.ActiveCfg = Debug|Any CPU
		{AF6F6624-E47E-4C75-9AB6-FA05F17467B3}.Debug|Any CPU.Build.0 = Debug|Any CPU
		{AF6F6624-E47E-4C75-9AB6-FA05F17467B3}.Release|Any CPU.ActiveCfg = Release|Any CPU
		{AF6F6624-E47E-4C75-9AB6-FA05F17467B3}.Release|Any CPU.Build.0 = Release|Any CPU
		{AAB4CF22-76B0-4D98-97A8-21EB006625FB}.Debug|Any CPU.ActiveCfg = Debug|Any CPU
		{AAB4CF22-76B0-4D98-97A8-21EB006625FB}.Debug|Any CPU.Build.0 = Debug|Any CPU
		{AAB4CF22-76B0-4D98-97A8-21EB006625FB}.Release|Any CPU.ActiveCfg = Release|Any CPU
		{AAB4CF22-76B0-4D98-97A8-21EB006625FB}.Release|Any CPU.Build.0 = Release|Any CPU
		{481D2B04-BFE3-45E1-8EA7-E37FE06ECFFB}.Debug|Any CPU.ActiveCfg = Debug|Any CPU
		{481D2B04-BFE3-45E1-8EA7-E37FE06ECFFB}.Debug|Any CPU.Build.0 = Debug|Any CPU
		{481D2B04-BFE3-45E1-8EA7-E37FE06ECFFB}.Release|Any CPU.ActiveCfg = Release|Any CPU
		{481D2B04-BFE3-45E1-8EA7-E37FE06ECFFB}.Release|Any CPU.Build.0 = Release|Any CPU
		{2B7AE0C3-91E0-4596-BF1A-8D4E2482169A}.Debug|Any CPU.ActiveCfg = Debug|Any CPU
		{2B7AE0C3-91E0-4596-BF1A-8D4E2482169A}.Debug|Any CPU.Build.0 = Debug|Any CPU
		{2B7AE0C3-91E0-4596-BF1A-8D4E2482169A}.Release|Any CPU.ActiveCfg = Release|Any CPU
		{2B7AE0C3-91E0-4596-BF1A-8D4E2482169A}.Release|Any CPU.Build.0 = Release|Any CPU
		{0EE4A2AD-EB62-4FE9-B137-BC1FF8F53615}.Debug|Any CPU.ActiveCfg = Debug|Any CPU
		{0EE4A2AD-EB62-4FE9-B137-BC1FF8F53615}.Debug|Any CPU.Build.0 = Debug|Any CPU
		{0EE4A2AD-EB62-4FE9-B137-BC1FF8F53615}.Release|Any CPU.ActiveCfg = Release|Any CPU
		{0EE4A2AD-EB62-4FE9-B137-BC1FF8F53615}.Release|Any CPU.Build.0 = Release|Any CPU
		{FDDE5E91-0C79-41BF-8EF0-47072ED187FB}.Debug|Any CPU.ActiveCfg = Debug|Any CPU
		{FDDE5E91-0C79-41BF-8EF0-47072ED187FB}.Debug|Any CPU.Build.0 = Debug|Any CPU
		{FDDE5E91-0C79-41BF-8EF0-47072ED187FB}.Release|Any CPU.ActiveCfg = Release|Any CPU
		{FDDE5E91-0C79-41BF-8EF0-47072ED187FB}.Release|Any CPU.Build.0 = Release|Any CPU
		{5F8CC8F1-83A7-4B26-ACE0-562DBB153BCD}.Debug|Any CPU.ActiveCfg = Debug|Any CPU
		{5F8CC8F1-83A7-4B26-ACE0-562DBB153BCD}.Debug|Any CPU.Build.0 = Debug|Any CPU
		{5F8CC8F1-83A7-4B26-ACE0-562DBB153BCD}.Release|Any CPU.ActiveCfg = Release|Any CPU
		{5F8CC8F1-83A7-4B26-ACE0-562DBB153BCD}.Release|Any CPU.Build.0 = Release|Any CPU
		{A4409A4B-F25E-46FE-96D1-60CB6C19194E}.Debug|Any CPU.ActiveCfg = Debug|Any CPU
		{A4409A4B-F25E-46FE-96D1-60CB6C19194E}.Debug|Any CPU.Build.0 = Debug|Any CPU
		{A4409A4B-F25E-46FE-96D1-60CB6C19194E}.Release|Any CPU.ActiveCfg = Release|Any CPU
		{A4409A4B-F25E-46FE-96D1-60CB6C19194E}.Release|Any CPU.Build.0 = Release|Any CPU
		{D7D11B38-3855-49BB-A8E0-17406D773A3D}.Debug|Any CPU.ActiveCfg = Debug|Any CPU
		{D7D11B38-3855-49BB-A8E0-17406D773A3D}.Debug|Any CPU.Build.0 = Debug|Any CPU
		{D7D11B38-3855-49BB-A8E0-17406D773A3D}.Release|Any CPU.ActiveCfg = Release|Any CPU
		{D7D11B38-3855-49BB-A8E0-17406D773A3D}.Release|Any CPU.Build.0 = Release|Any CPU
		{AECD1707-6B34-4F60-A584-3F9E3CA66CE5}.Debug|Any CPU.ActiveCfg = Debug|Any CPU
		{AECD1707-6B34-4F60-A584-3F9E3CA66CE5}.Debug|Any CPU.Build.0 = Debug|Any CPU
		{AECD1707-6B34-4F60-A584-3F9E3CA66CE5}.Release|Any CPU.ActiveCfg = Release|Any CPU
		{AECD1707-6B34-4F60-A584-3F9E3CA66CE5}.Release|Any CPU.Build.0 = Release|Any CPU
		{B78D1108-7CF7-4731-AD59-0A0FDBC7C1D6}.Debug|Any CPU.ActiveCfg = Debug|Any CPU
		{B78D1108-7CF7-4731-AD59-0A0FDBC7C1D6}.Debug|Any CPU.Build.0 = Debug|Any CPU
		{B78D1108-7CF7-4731-AD59-0A0FDBC7C1D6}.Release|Any CPU.ActiveCfg = Release|Any CPU
		{B78D1108-7CF7-4731-AD59-0A0FDBC7C1D6}.Release|Any CPU.Build.0 = Release|Any CPU
		{0CCAA7FC-29E9-47C6-A419-7EC37AE84E6F}.Debug|Any CPU.ActiveCfg = Debug|Any CPU
		{0CCAA7FC-29E9-47C6-A419-7EC37AE84E6F}.Debug|Any CPU.Build.0 = Debug|Any CPU
		{0CCAA7FC-29E9-47C6-A419-7EC37AE84E6F}.Release|Any CPU.ActiveCfg = Release|Any CPU
		{0CCAA7FC-29E9-47C6-A419-7EC37AE84E6F}.Release|Any CPU.Build.0 = Release|Any CPU
		{CED7C2B3-ABD8-48BA-876C-B0EC44E8339F}.Debug|Any CPU.ActiveCfg = Debug|Any CPU
		{CED7C2B3-ABD8-48BA-876C-B0EC44E8339F}.Debug|Any CPU.Build.0 = Debug|Any CPU
		{CED7C2B3-ABD8-48BA-876C-B0EC44E8339F}.Release|Any CPU.ActiveCfg = Release|Any CPU
		{CED7C2B3-ABD8-48BA-876C-B0EC44E8339F}.Release|Any CPU.Build.0 = Release|Any CPU
		{D28B90AC-3E6B-4B64-A0A8-DA466734B66B}.Debug|Any CPU.ActiveCfg = Debug|Any CPU
		{D28B90AC-3E6B-4B64-A0A8-DA466734B66B}.Debug|Any CPU.Build.0 = Debug|Any CPU
		{D28B90AC-3E6B-4B64-A0A8-DA466734B66B}.Release|Any CPU.ActiveCfg = Release|Any CPU
		{D28B90AC-3E6B-4B64-A0A8-DA466734B66B}.Release|Any CPU.Build.0 = Release|Any CPU
	EndGlobalSection
	GlobalSection(SolutionProperties) = preSolution
		HideSolutionNode = FALSE
	EndGlobalSection
	GlobalSection(ExtensibilityGlobals) = postSolution
		SolutionGuid = {11C1C3A6-5DCE-4E32-8634-5D6D07737441}
	EndGlobalSection
EndGlobal
